
Microsoft Visual Studio Solution File, Format Version 12.00
# Visual Studio Version 17
VisualStudioVersion = 17.1.32421.90
MinimumVisualStudioVersion = 10.0.40219.1
Project("{9A19103F-16F7-4668-BE54-9A1E7A4F7556}") = "MongoDAB3", "MongoDAB3.csproj", "{B8A9504C-C5B6-4D42-AD98-D37BD5EE23A4}"
EndProject
Global
	GlobalSection(SolutionConfigurationPlatforms) = preSolution
		Debug|Any CPU = Debug|Any CPU
		Release|Any CPU = Release|Any CPU
	EndGlobalSection
	GlobalSection(ProjectConfigurationPlatforms) = postSolution
		{B8A9504C-C5B6-4D42-AD98-D37BD5EE23A4}.Debug|Any CPU.ActiveCfg = Debug|Any CPU
		{B8A9504C-C5B6-4D42-AD98-D37BD5EE23A4}.Debug|Any CPU.Build.0 = Debug|Any CPU
		{B8A9504C-C5B6-4D42-AD98-D37BD5EE23A4}.Release|Any CPU.ActiveCfg = Release|Any CPU
		{B8A9504C-C5B6-4D42-AD98-D37BD5EE23A4}.Release|Any CPU.Build.0 = Release|Any CPU
	EndGlobalSection
	GlobalSection(SolutionProperties) = preSolution
		HideSolutionNode = FALSE
	EndGlobalSection
	GlobalSection(ExtensibilityGlobals) = postSolution
		SolutionGuid = {051B5460-CB2E-4398-985C-E4173F6D4B05}
	EndGlobalSection
EndGlobal
